
Microsoft Visual Studio Solution File, Format Version 12.00
# Visual Studio Version 16
VisualStudioVersion = 16.0.32228.343
MinimumVisualStudioVersion = 10.0.40219.1
Project("{FAE04EC0-301F-11D3-BF4B-00C04F79EFBC}") = "ElectrodeListSimplifier.App", "ElectrodeListSimplifier.App\ElectrodeListSimplifier.App.csproj", "{93DFAAFF-A087-4C39-A16E-CF43F67F710A}"
EndProject
Project("{FAE04EC0-301F-11D3-BF4B-00C04F79EFBC}") = "ElectrodeListSimplifier.Library", "ElectrodeListSimplifier.Library\ElectrodeListSimplifier.Library.csproj", "{689DB306-4A44-4298-8A4B-168367CCBA79}"
EndProject
Project("{FAE04EC0-301F-11D3-BF4B-00C04F79EFBC}") = "ElectrodeListSimplifier.Tests", "ElectrodeListSimplifier.Tests\ElectrodeListSimplifier.Tests.csproj", "{2927667C-5F77-4F9B-9A7E-5ACC536FEF51}"
EndProject
Global
	GlobalSection(SolutionConfigurationPlatforms) = preSolution
		Debug|Any CPU = Debug|Any CPU
		Release|Any CPU = Release|Any CPU
	EndGlobalSection
	GlobalSection(ProjectConfigurationPlatforms) = postSolution
		{93DFAAFF-A087-4C39-A16E-CF43F67F710A}.Debug|Any CPU.ActiveCfg = Debug|Any CPU
		{93DFAAFF-A087-4C39-A16E-CF43F67F710A}.Debug|Any CPU.Build.0 = Debug|Any CPU
		{93DFAAFF-A087-4C39-A16E-CF43F67F710A}.Release|Any CPU.ActiveCfg = Release|Any CPU
		{93DFAAFF-A087-4C39-A16E-CF43F67F710A}.Release|Any CPU.Build.0 = Release|Any CPU
		{689DB306-4A44-4298-8A4B-168367CCBA79}.Debug|Any CPU.ActiveCfg = Debug|Any CPU
		{689DB306-4A44-4298-8A4B-168367CCBA79}.Debug|Any CPU.Build.0 = Debug|Any CPU
		{689DB306-4A44-4298-8A4B-168367CCBA79}.Release|Any CPU.ActiveCfg = Release|Any CPU
		{689DB306-4A44-4298-8A4B-168367CCBA79}.Release|Any CPU.Build.0 = Release|Any CPU
		{2927667C-5F77-4F9B-9A7E-5ACC536FEF51}.Debug|Any CPU.ActiveCfg = Debug|Any CPU
		{2927667C-5F77-4F9B-9A7E-5ACC536FEF51}.Debug|Any CPU.Build.0 = Debug|Any CPU
		{2927667C-5F77-4F9B-9A7E-5ACC536FEF51}.Release|Any CPU.ActiveCfg = Release|Any CPU
		{2927667C-5F77-4F9B-9A7E-5ACC536FEF51}.Release|Any CPU.Build.0 = Release|Any CPU
	EndGlobalSection
	GlobalSection(SolutionProperties) = preSolution
		HideSolutionNode = FALSE
	EndGlobalSection
	GlobalSection(ExtensibilityGlobals) = postSolution
		SolutionGuid = {68A565E2-90C0-42DE-8E53-35496D35C208}
	EndGlobalSection
EndGlobal
